// !$*UTF8*$!
{
	archiveVersion = 1;
	classes = {
	};
	objectVersion = 46;
	objects = {

/* Begin PBXBuildFile section */
		6CD679E61950C06600530D0F /* AppDelegate.swift in Sources */ = {isa = PBXBuildFile; fileRef = 6CD679E51950C06600530D0F /* AppDelegate.swift */; };
		6CD679EB1950C06600530D0F /* Main.storyboard in Resources */ = {isa = PBXBuildFile; fileRef = 6CD679E91950C06600530D0F /* Main.storyboard */; };
		6CD679ED1950C06600530D0F /* Images.xcassets in Resources */ = {isa = PBXBuildFile; fileRef = 6CD679EC1950C06600530D0F /* Images.xcassets */; };
		6CD679F91950C06700530D0F /* PopularFlickrPhotosTests.swift in Sources */ = {isa = PBXBuildFile; fileRef = 6CD679F81950C06700530D0F /* PopularFlickrPhotosTests.swift */; };
		800EE19519735F1A00286765 /* Photo.m in Sources */ = {isa = PBXBuildFile; fileRef = 800EE19419735F1A00286765 /* Photo.m */; };
		800EE19819735F5200286765 /* Region.m in Sources */ = {isa = PBXBuildFile; fileRef = 800EE19719735F5200286765 /* Region.m */; };
		800EE19B19735F5200286765 /* Photographer.m in Sources */ = {isa = PBXBuildFile; fileRef = 800EE19A19735F5200286765 /* Photographer.m */; };
		8013DE1819513C0F00C58C32 /* FlickrFetcher.m in Sources */ = {isa = PBXBuildFile; fileRef = 8013DE1719513C0F00C58C32 /* FlickrFetcher.m */; };
		8013DE1A195142B500C58C32 /* RegionsTableViewController.swift in Sources */ = {isa = PBXBuildFile; fileRef = 8013DE19195142B500C58C32 /* RegionsTableViewController.swift */; };
		8054743F196D05A40045A093 /* Photo+Create.swift in Sources */ = {isa = PBXBuildFile; fileRef = 8054743E196D05A40045A093 /* Photo+Create.swift */; };
		80547444196D0E880045A093 /* Photographer+Create.swift in Sources */ = {isa = PBXBuildFile; fileRef = 80547443196D0E880045A093 /* Photographer+Create.swift */; };
		80547446196D12100045A093 /* Region+Create.swift in Sources */ = {isa = PBXBuildFile; fileRef = 80547445196D12100045A093 /* Region+Create.swift */; };
		806912F11968DE2A0028B03C /* CoreDataTableViewController.m in Sources */ = {isa = PBXBuildFile; fileRef = 806912F01968DE2A0028B03C /* CoreDataTableViewController.m */; };
		806912F71968DFE90028B03C /* PopularFlickrPhotos.xcdatamodeld in Sources */ = {isa = PBXBuildFile; fileRef = 806912F51968DFE90028B03C /* PopularFlickrPhotos.xcdatamodeld */; };
		8069130319699F460028B03C /* CoreDataHelper.swift in Sources */ = {isa = PBXBuildFile; fileRef = 8069130219699F460028B03C /* CoreDataHelper.swift */; };
		80A7B39019580CED00810225 /* PhotoViewController.swift in Sources */ = {isa = PBXBuildFile; fileRef = 80A7B38F19580CED00810225 /* PhotoViewController.swift */; };
		80AC087B1959496100790F87 /* RecentPhotosTableViewController.swift in Sources */ = {isa = PBXBuildFile; fileRef = 80AC087A1959496100790F87 /* RecentPhotosTableViewController.swift */; };
		80CF340919564A1F00341949 /* RegionPhotosTableViewController.swift in Sources */ = {isa = PBXBuildFile; fileRef = 80CF340819564A1F00341949 /* RegionPhotosTableViewController.swift */; };
/* End PBXBuildFile section */

/* Begin PBXContainerItemProxy section */
		6CD679F31950C06600530D0F /* PBXContainerItemProxy */ = {
			isa = PBXContainerItemProxy;
			containerPortal = 6CD679D81950C06600530D0F /* Project object */;
			proxyType = 1;
			remoteGlobalIDString = 6CD679DF1950C06600530D0F;
			remoteInfo = PopularFlickrPhotos;
		};
/* End PBXContainerItemProxy section */

/* Begin PBXFileReference section */
		6CD679E01950C06600530D0F /* PopularFlickrPhotos.app */ = {isa = PBXFileReference; explicitFileType = wrapper.application; includeInIndex = 0; path = PopularFlickrPhotos.app; sourceTree = BUILT_PRODUCTS_DIR; };
		6CD679E41950C06600530D0F /* Info.plist */ = {isa = PBXFileReference; lastKnownFileType = text.plist.xml; path = Info.plist; sourceTree = "<group>"; };
		6CD679E51950C06600530D0F /* AppDelegate.swift */ = {isa = PBXFileReference; lastKnownFileType = sourcecode.swift; path = AppDelegate.swift; sourceTree = "<group>"; };
		6CD679EA1950C06600530D0F /* Base */ = {isa = PBXFileReference; lastKnownFileType = file.storyboard; name = Base; path = Base.lproj/Main.storyboard; sourceTree = "<group>"; };
		6CD679EC1950C06600530D0F /* Images.xcassets */ = {isa = PBXFileReference; lastKnownFileType = folder.assetcatalog; path = Images.xcassets; sourceTree = "<group>"; };
		6CD679F21950C06600530D0F /* PopularFlickrPhotosTests.xctest */ = {isa = PBXFileReference; explicitFileType = wrapper.cfbundle; includeInIndex = 0; path = PopularFlickrPhotosTests.xctest; sourceTree = BUILT_PRODUCTS_DIR; };
		6CD679F71950C06700530D0F /* Info.plist */ = {isa = PBXFileReference; lastKnownFileType = text.plist.xml; path = Info.plist; sourceTree = "<group>"; };
		6CD679F81950C06700530D0F /* PopularFlickrPhotosTests.swift */ = {isa = PBXFileReference; lastKnownFileType = sourcecode.swift; path = PopularFlickrPhotosTests.swift; sourceTree = "<group>"; };
		800EE19319735F1A00286765 /* Photo.h */ = {isa = PBXFileReference; fileEncoding = 4; lastKnownFileType = sourcecode.c.h; path = Photo.h; sourceTree = "<group>"; };
		800EE19419735F1A00286765 /* Photo.m */ = {isa = PBXFileReference; fileEncoding = 4; lastKnownFileType = sourcecode.c.objc; path = Photo.m; sourceTree = "<group>"; };
		800EE19619735F5200286765 /* Region.h */ = {isa = PBXFileReference; fileEncoding = 4; lastKnownFileType = sourcecode.c.h; path = Region.h; sourceTree = "<group>"; };
		800EE19719735F5200286765 /* Region.m */ = {isa = PBXFileReference; fileEncoding = 4; lastKnownFileType = sourcecode.c.objc; path = Region.m; sourceTree = "<group>"; };
		800EE19919735F5200286765 /* Photographer.h */ = {isa = PBXFileReference; fileEncoding = 4; lastKnownFileType = sourcecode.c.h; path = Photographer.h; sourceTree = "<group>"; };
		800EE19A19735F5200286765 /* Photographer.m */ = {isa = PBXFileReference; fileEncoding = 4; lastKnownFileType = sourcecode.c.objc; path = Photographer.m; sourceTree = "<group>"; };
		8013DE1319513BC800C58C32 /* PopularFlickrPhotos-Bridging-Header.h */ = {isa = PBXFileReference; lastKnownFileType = sourcecode.c.h; path = "PopularFlickrPhotos-Bridging-Header.h"; sourceTree = "<group>"; };
		8013DE1519513C0F00C58C32 /* FlickrAPIKey.h */ = {isa = PBXFileReference; fileEncoding = 4; lastKnownFileType = sourcecode.c.h; path = FlickrAPIKey.h; sourceTree = "<group>"; };
		8013DE1619513C0F00C58C32 /* FlickrFetcher.h */ = {isa = PBXFileReference; fileEncoding = 4; lastKnownFileType = sourcecode.c.h; path = FlickrFetcher.h; sourceTree = "<group>"; };
		8013DE1719513C0F00C58C32 /* FlickrFetcher.m */ = {isa = PBXFileReference; fileEncoding = 4; lastKnownFileType = sourcecode.c.objc; path = FlickrFetcher.m; sourceTree = "<group>"; };
		8013DE19195142B500C58C32 /* RegionsTableViewController.swift */ = {isa = PBXFileReference; fileEncoding = 4; lastKnownFileType = sourcecode.swift; path = RegionsTableViewController.swift; sourceTree = "<group>"; };
		8054743E196D05A40045A093 /* Photo+Create.swift */ = {isa = PBXFileReference; fileEncoding = 4; lastKnownFileType = sourcecode.swift; path = "Photo+Create.swift"; sourceTree = "<group>"; };
		80547443196D0E880045A093 /* Photographer+Create.swift */ = {isa = PBXFileReference; fileEncoding = 4; lastKnownFileType = sourcecode.swift; path = "Photographer+Create.swift"; sourceTree = "<group>"; };
		80547445196D12100045A093 /* Region+Create.swift */ = {isa = PBXFileReference; fileEncoding = 4; lastKnownFileType = sourcecode.swift; path = "Region+Create.swift"; sourceTree = "<group>"; };
		806912EF1968DE2A0028B03C /* CoreDataTableViewController.h */ = {isa = PBXFileReference; fileEncoding = 4; lastKnownFileType = sourcecode.c.h; path = CoreDataTableViewController.h; sourceTree = "<group>"; };
		806912F01968DE2A0028B03C /* CoreDataTableViewController.m */ = {isa = PBXFileReference; fileEncoding = 4; lastKnownFileType = sourcecode.c.objc; path = CoreDataTableViewController.m; sourceTree = "<group>"; };
		806912F61968DFE90028B03C /* PopularFlickrPhotos.xcdatamodel */ = {isa = PBXFileReference; lastKnownFileType = wrapper.xcdatamodel; path = PopularFlickrPhotos.xcdatamodel; sourceTree = "<group>"; };
		8069130219699F460028B03C /* CoreDataHelper.swift */ = {isa = PBXFileReference; fileEncoding = 4; lastKnownFileType = sourcecode.swift; path = CoreDataHelper.swift; sourceTree = "<group>"; };
		80A7B38F19580CED00810225 /* PhotoViewController.swift */ = {isa = PBXFileReference; fileEncoding = 4; lastKnownFileType = sourcecode.swift; path = PhotoViewController.swift; sourceTree = "<group>"; };
		80AC087A1959496100790F87 /* RecentPhotosTableViewController.swift */ = {isa = PBXFileReference; fileEncoding = 4; lastKnownFileType = sourcecode.swift; path = RecentPhotosTableViewController.swift; sourceTree = "<group>"; };
		80CF340819564A1F00341949 /* RegionPhotosTableViewController.swift */ = {isa = PBXFileReference; fileEncoding = 4; lastKnownFileType = sourcecode.swift; path = RegionPhotosTableViewController.swift; sourceTree = "<group>"; };
/* End PBXFileReference section */

/* Begin PBXFrameworksBuildPhase section */
		6CD679DD1950C06600530D0F /* Frameworks */ = {
			isa = PBXFrameworksBuildPhase;
			buildActionMask = 2147483647;
			files = (
			);
			runOnlyForDeploymentPostprocessing = 0;
		};
		6CD679EF1950C06600530D0F /* Frameworks */ = {
			isa = PBXFrameworksBuildPhase;
			buildActionMask = 2147483647;
			files = (
			);
			runOnlyForDeploymentPostprocessing = 0;
		};
/* End PBXFrameworksBuildPhase section */

/* Begin PBXGroup section */
		6CD679D71950C06600530D0F = {
			isa = PBXGroup;
			children = (
				6CD679E21950C06600530D0F /* PopularFlickrPhotos */,
				6CD679F51950C06600530D0F /* PopularFlickrPhotosTests */,
				6CD679E11950C06600530D0F /* Products */,
			);
			sourceTree = "<group>";
		};
		6CD679E11950C06600530D0F /* Products */ = {
			isa = PBXGroup;
			children = (
				6CD679E01950C06600530D0F /* PopularFlickrPhotos.app */,
				6CD679F21950C06600530D0F /* PopularFlickrPhotosTests.xctest */,
			);
			name = Products;
			sourceTree = "<group>";
		};
		6CD679E21950C06600530D0F /* PopularFlickrPhotos */ = {
			isa = PBXGroup;
			children = (
				806913011968EF8A0028B03C /* CoreData */,
				8013DE1419513C0F00C58C32 /* FlickrFetcher */,
				8013DE1319513BC800C58C32 /* PopularFlickrPhotos-Bridging-Header.h */,
				6CD679E51950C06600530D0F /* AppDelegate.swift */,
				8013DE19195142B500C58C32 /* RegionsTableViewController.swift */,
				80CF340819564A1F00341949 /* RegionPhotosTableViewController.swift */,
				80A7B38F19580CED00810225 /* PhotoViewController.swift */,
				80AC087A1959496100790F87 /* RecentPhotosTableViewController.swift */,
				6CD679E91950C06600530D0F /* Main.storyboard */,
				6CD679EC1950C06600530D0F /* Images.xcassets */,
				6CD679E31950C06600530D0F /* Supporting Files */,
			);
			path = PopularFlickrPhotos;
			sourceTree = "<group>";
		};
		6CD679E31950C06600530D0F /* Supporting Files */ = {
			isa = PBXGroup;
			children = (
				6CD679E41950C06600530D0F /* Info.plist */,
			);
			name = "Supporting Files";
			sourceTree = "<group>";
		};
		6CD679F51950C06600530D0F /* PopularFlickrPhotosTests */ = {
			isa = PBXGroup;
			children = (
				6CD679F81950C06700530D0F /* PopularFlickrPhotosTests.swift */,
				6CD679F61950C06700530D0F /* Supporting Files */,
			);
			path = PopularFlickrPhotosTests;
			sourceTree = "<group>";
		};
		6CD679F61950C06700530D0F /* Supporting Files */ = {
			isa = PBXGroup;
			children = (
				6CD679F71950C06700530D0F /* Info.plist */,
			);
			name = "Supporting Files";
			sourceTree = "<group>";
		};
		8013DE1419513C0F00C58C32 /* FlickrFetcher */ = {
			isa = PBXGroup;
			children = (
				8013DE1519513C0F00C58C32 /* FlickrAPIKey.h */,
				8013DE1619513C0F00C58C32 /* FlickrFetcher.h */,
				8013DE1719513C0F00C58C32 /* FlickrFetcher.m */,
			);
			path = FlickrFetcher;
			sourceTree = "<group>";
		};
		806913011968EF8A0028B03C /* CoreData */ = {
			isa = PBXGroup;
			children = (
				806912F51968DFE90028B03C /* PopularFlickrPhotos.xcdatamodeld */,
				800EE19919735F5200286765 /* Photographer.h */,
				800EE19A19735F5200286765 /* Photographer.m */,
				800EE19619735F5200286765 /* Region.h */,
				800EE19719735F5200286765 /* Region.m */,
				800EE19319735F1A00286765 /* Photo.h */,
				800EE19419735F1A00286765 /* Photo.m */,
				8069130219699F460028B03C /* CoreDataHelper.swift */,
				806912EF1968DE2A0028B03C /* CoreDataTableViewController.h */,
				806912F01968DE2A0028B03C /* CoreDataTableViewController.m */,
				8054743E196D05A40045A093 /* Photo+Create.swift */,
				80547443196D0E880045A093 /* Photographer+Create.swift */,
				80547445196D12100045A093 /* Region+Create.swift */,
			);
			name = CoreData;
			sourceTree = "<group>";
		};
/* End PBXGroup section */

/* Begin PBXNativeTarget section */
		6CD679DF1950C06600530D0F /* PopularFlickrPhotos */ = {
			isa = PBXNativeTarget;
			buildConfigurationList = 6CD679FC1950C06700530D0F /* Build configuration list for PBXNativeTarget "PopularFlickrPhotos" */;
			buildPhases = (
				6CD679DC1950C06600530D0F /* Sources */,
				6CD679DD1950C06600530D0F /* Frameworks */,
				6CD679DE1950C06600530D0F /* Resources */,
			);
			buildRules = (
			);
			dependencies = (
			);
			name = PopularFlickrPhotos;
			productName = PopularFlickrPhotos;
			productReference = 6CD679E01950C06600530D0F /* PopularFlickrPhotos.app */;
			productType = "com.apple.product-type.application";
		};
		6CD679F11950C06600530D0F /* PopularFlickrPhotosTests */ = {
			isa = PBXNativeTarget;
			buildConfigurationList = 6CD679FF1950C06700530D0F /* Build configuration list for PBXNativeTarget "PopularFlickrPhotosTests" */;
			buildPhases = (
				6CD679EE1950C06600530D0F /* Sources */,
				6CD679EF1950C06600530D0F /* Frameworks */,
				6CD679F01950C06600530D0F /* Resources */,
			);
			buildRules = (
			);
			dependencies = (
				6CD679F41950C06600530D0F /* PBXTargetDependency */,
			);
			name = PopularFlickrPhotosTests;
			productName = PopularFlickrPhotosTests;
			productReference = 6CD679F21950C06600530D0F /* PopularFlickrPhotosTests.xctest */;
			productType = "com.apple.product-type.bundle.unit-test";
		};
/* End PBXNativeTarget section */

/* Begin PBXProject section */
		6CD679D81950C06600530D0F /* Project object */ = {
			isa = PBXProject;
			attributes = {
				LastUpgradeCheck = 0600;
				ORGANIZATIONNAME = "Ricardo Murillo";
				TargetAttributes = {
					6CD679DF1950C06600530D0F = {
						CreatedOnToolsVersion = 6.0;
						SystemCapabilities = {
							com.apple.BackgroundModes = {
								enabled = 1;
							};
						};
					};
					6CD679F11950C06600530D0F = {
						CreatedOnToolsVersion = 6.0;
						TestTargetID = 6CD679DF1950C06600530D0F;
					};
				};
			};
			buildConfigurationList = 6CD679DB1950C06600530D0F /* Build configuration list for PBXProject "PopularFlickrPhotos" */;
			compatibilityVersion = "Xcode 3.2";
			developmentRegion = English;
			hasScannedForEncodings = 0;
			knownRegions = (
				en,
				Base,
			);
			mainGroup = 6CD679D71950C06600530D0F;
			productRefGroup = 6CD679E11950C06600530D0F /* Products */;
			projectDirPath = "";
			projectRoot = "";
			targets = (
				6CD679DF1950C06600530D0F /* PopularFlickrPhotos */,
				6CD679F11950C06600530D0F /* PopularFlickrPhotosTests */,
			);
		};
/* End PBXProject section */

/* Begin PBXResourcesBuildPhase section */
		6CD679DE1950C06600530D0F /* Resources */ = {
			isa = PBXResourcesBuildPhase;
			buildActionMask = 2147483647;
			files = (
				6CD679EB1950C06600530D0F /* Main.storyboard in Resources */,
				6CD679ED1950C06600530D0F /* Images.xcassets in Resources */,
			);
			runOnlyForDeploymentPostprocessing = 0;
		};
		6CD679F01950C06600530D0F /* Resources */ = {
			isa = PBXResourcesBuildPhase;
			buildActionMask = 2147483647;
			files = (
			);
			runOnlyForDeploymentPostprocessing = 0;
		};
/* End PBXResourcesBuildPhase section */

/* Begin PBXSourcesBuildPhase section */
		6CD679DC1950C06600530D0F /* Sources */ = {
			isa = PBXSourcesBuildPhase;
			buildActionMask = 2147483647;
			files = (
				80547446196D12100045A093 /* Region+Create.swift in Sources */,
				80CF340919564A1F00341949 /* RegionPhotosTableViewController.swift in Sources */,
				8013DE1819513C0F00C58C32 /* FlickrFetcher.m in Sources */,
				800EE19519735F1A00286765 /* Photo.m in Sources */,
				800EE19B19735F5200286765 /* Photographer.m in Sources */,
				806912F11968DE2A0028B03C /* CoreDataTableViewController.m in Sources */,
				8054743F196D05A40045A093 /* Photo+Create.swift in Sources */,
				6CD679E61950C06600530D0F /* AppDelegate.swift in Sources */,
				800EE19819735F5200286765 /* Region.m in Sources */,
				8069130319699F460028B03C /* CoreDataHelper.swift in Sources */,
				8013DE1A195142B500C58C32 /* RegionsTableViewController.swift in Sources */,
				80A7B39019580CED00810225 /* PhotoViewController.swift in Sources */,
				806912F71968DFE90028B03C /* PopularFlickrPhotos.xcdatamodeld in Sources */,
				80547444196D0E880045A093 /* Photographer+Create.swift in Sources */,
				80AC087B1959496100790F87 /* RecentPhotosTableViewController.swift in Sources */,
			);
			runOnlyForDeploymentPostprocessing = 0;
		};
		6CD679EE1950C06600530D0F /* Sources */ = {
			isa = PBXSourcesBuildPhase;
			buildActionMask = 2147483647;
			files = (
				6CD679F91950C06700530D0F /* PopularFlickrPhotosTests.swift in Sources */,
			);
			runOnlyForDeploymentPostprocessing = 0;
		};
/* End PBXSourcesBuildPhase section */

/* Begin PBXTargetDependency section */
		6CD679F41950C06600530D0F /* PBXTargetDependency */ = {
			isa = PBXTargetDependency;
			target = 6CD679DF1950C06600530D0F /* PopularFlickrPhotos */;
			targetProxy = 6CD679F31950C06600530D0F /* PBXContainerItemProxy */;
		};
/* End PBXTargetDependency section */

/* Begin PBXVariantGroup section */
		6CD679E91950C06600530D0F /* Main.storyboard */ = {
			isa = PBXVariantGroup;
			children = (
				6CD679EA1950C06600530D0F /* Base */,
			);
			name = Main.storyboard;
			sourceTree = "<group>";
		};
/* End PBXVariantGroup section */

/* Begin XCBuildConfiguration section */
		6CD679FA1950C06700530D0F /* Debug */ = {
			isa = XCBuildConfiguration;
			buildSettings = {
				ALWAYS_SEARCH_USER_PATHS = NO;
				CLANG_CXX_LANGUAGE_STANDARD = "gnu++0x";
				CLANG_CXX_LIBRARY = "libc++";
				CLANG_ENABLE_MODULES = YES;
				CLANG_ENABLE_OBJC_ARC = YES;
				CLANG_WARN_BOOL_CONVERSION = YES;
				CLANG_WARN_CONSTANT_CONVERSION = YES;
				CLANG_WARN_DIRECT_OBJC_ISA_USAGE = YES_ERROR;
				CLANG_WARN_EMPTY_BODY = YES;
				CLANG_WARN_ENUM_CONVERSION = YES;
				CLANG_WARN_INT_CONVERSION = YES;
				CLANG_WARN_OBJC_ROOT_CLASS = YES_ERROR;
				CLANG_WARN_UNREACHABLE_CODE = YES;
				CLANG_WARN__DUPLICATE_METHOD_MATCH = YES;
				"CODE_SIGN_IDENTITY[sdk=iphoneos*]" = "iPhone Developer";
				COPY_PHASE_STRIP = NO;
				ENABLE_STRICT_OBJC_MSGSEND = YES;
				GCC_C_LANGUAGE_STANDARD = gnu99;
				GCC_DYNAMIC_NO_PIC = NO;
				GCC_OPTIMIZATION_LEVEL = 0;
				GCC_PREPROCESSOR_DEFINITIONS = (
					"DEBUG=1",
					"$(inherited)",
				);
				GCC_SYMBOLS_PRIVATE_EXTERN = NO;
				GCC_WARN_64_TO_32_BIT_CONVERSION = YES;
				GCC_WARN_ABOUT_RETURN_TYPE = YES_ERROR;
				GCC_WARN_UNDECLARED_SELECTOR = YES;
				GCC_WARN_UNINITIALIZED_AUTOS = YES_AGGRESSIVE;
				GCC_WARN_UNUSED_FUNCTION = YES;
				GCC_WARN_UNUSED_VARIABLE = YES;
				IPHONEOS_DEPLOYMENT_TARGET = 8.0;
				METAL_ENABLE_DEBUG_INFO = YES;
				ONLY_ACTIVE_ARCH = YES;
				SDKROOT = iphoneos;
				SWIFT_OPTIMIZATION_LEVEL = "-Onone";
				TARGETED_DEVICE_FAMILY = "1,2";
			};
			name = Debug;
		};
		6CD679FB1950C06700530D0F /* Release */ = {
			isa = XCBuildConfiguration;
			buildSettings = {
				ALWAYS_SEARCH_USER_PATHS = NO;
				CLANG_CXX_LANGUAGE_STANDARD = "gnu++0x";
				CLANG_CXX_LIBRARY = "libc++";
				CLANG_ENABLE_MODULES = YES;
				CLANG_ENABLE_OBJC_ARC = YES;
				CLANG_WARN_BOOL_CONVERSION = YES;
				CLANG_WARN_CONSTANT_CONVERSION = YES;
				CLANG_WARN_DIRECT_OBJC_ISA_USAGE = YES_ERROR;
				CLANG_WARN_EMPTY_BODY = YES;
				CLANG_WARN_ENUM_CONVERSION = YES;
				CLANG_WARN_INT_CONVERSION = YES;
				CLANG_WARN_OBJC_ROOT_CLASS = YES_ERROR;
				CLANG_WARN_UNREACHABLE_CODE = YES;
				CLANG_WARN__DUPLICATE_METHOD_MATCH = YES;
				"CODE_SIGN_IDENTITY[sdk=iphoneos*]" = "iPhone Developer";
				COPY_PHASE_STRIP = YES;
				ENABLE_NS_ASSERTIONS = NO;
				ENABLE_STRICT_OBJC_MSGSEND = YES;
				GCC_C_LANGUAGE_STANDARD = gnu99;
				GCC_WARN_64_TO_32_BIT_CONVERSION = YES;
				GCC_WARN_ABOUT_RETURN_TYPE = YES_ERROR;
				GCC_WARN_UNDECLARED_SELECTOR = YES;
				GCC_WARN_UNINITIALIZED_AUTOS = YES_AGGRESSIVE;
				GCC_WARN_UNUSED_FUNCTION = YES;
				GCC_WARN_UNUSED_VARIABLE = YES;
				IPHONEOS_DEPLOYMENT_TARGET = 8.0;
				METAL_ENABLE_DEBUG_INFO = NO;
				SDKROOT = iphoneos;
				TARGETED_DEVICE_FAMILY = "1,2";
				VALIDATE_PRODUCT = YES;
			};
			name = Release;
		};
		6CD679FD1950C06700530D0F /* Debug */ = {
			isa = XCBuildConfiguration;
			buildSettings = {
				ASSETCATALOG_COMPILER_APPICON_NAME = AppIcon;
				ASSETCATALOG_COMPILER_LAUNCHIMAGE_NAME = LaunchImage;
				CLANG_X86_VECTOR_INSTRUCTIONS = default;
				INFOPLIST_FILE = PopularFlickrPhotos/Info.plist;
				IPHONEOS_DEPLOYMENT_TARGET = 8.0;
				LD_RUNPATH_SEARCH_PATHS = "$(inherited) @executable_path/Frameworks";
				PRODUCT_NAME = "$(TARGET_NAME)";
				SWIFT_OBJC_BRIDGING_HEADER = "PopularFlickrPhotos/PopularFlickrPhotos-Bridging-Header.h";
				TARGETED_DEVICE_FAMILY = "1,2";
			};
			name = Debug;
		};
		6CD679FE1950C06700530D0F /* Release */ = {
			isa = XCBuildConfiguration;
			buildSettings = {
				ASSETCATALOG_COMPILER_APPICON_NAME = AppIcon;
				ASSETCATALOG_COMPILER_LAUNCHIMAGE_NAME = LaunchImage;
				CLANG_X86_VECTOR_INSTRUCTIONS = default;
				INFOPLIST_FILE = PopularFlickrPhotos/Info.plist;
				IPHONEOS_DEPLOYMENT_TARGET = 8.0;
				LD_RUNPATH_SEARCH_PATHS = "$(inherited) @executable_path/Frameworks";
				PRODUCT_NAME = "$(TARGET_NAME)";
				SWIFT_OBJC_BRIDGING_HEADER = "PopularFlickrPhotos/PopularFlickrPhotos-Bridging-Header.h";
				TARGETED_DEVICE_FAMILY = "1,2";
			};
			name = Release;
		};
		6CD67A001950C06700530D0F /* Debug */ = {
			isa = XCBuildConfiguration;
			buildSettings = {
				BUNDLE_LOADER = "$(BUILT_PRODUCTS_DIR)/PopularFlickrPhotos.app/PopularFlickrPhotos";
				FRAMEWORK_SEARCH_PATHS = (
					"$(SDKROOT)/Developer/Library/Frameworks",
					"$(inherited)",
				);
				GCC_PREPROCESSOR_DEFINITIONS = (
					"DEBUG=1",
					"$(inherited)",
				);
				INFOPLIST_FILE = PopularFlickrPhotosTests/Info.plist;
				LD_RUNPATH_SEARCH_PATHS = "$(inherited) @executable_path/Frameworks @loader_path/Frameworks";
				METAL_ENABLE_DEBUG_INFO = YES;
				PRODUCT_NAME = "$(TARGET_NAME)";
				TEST_HOST = "$(BUNDLE_LOADER)";
			};
			name = Debug;
		};
		6CD67A011950C06700530D0F /* Release */ = {
			isa = XCBuildConfiguration;
			buildSettings = {
				BUNDLE_LOADER = "$(BUILT_PRODUCTS_DIR)/PopularFlickrPhotos.app/PopularFlickrPhotos";
				FRAMEWORK_SEARCH_PATHS = (
					"$(SDKROOT)/Developer/Library/Frameworks",
					"$(inherited)",
				);
				INFOPLIST_FILE = PopularFlickrPhotosTests/Info.plist;
				LD_RUNPATH_SEARCH_PATHS = "$(inherited) @executable_path/Frameworks @loader_path/Frameworks";
				METAL_ENABLE_DEBUG_INFO = NO;
				PRODUCT_NAME = "$(TARGET_NAME)";
				TEST_HOST = "$(BUNDLE_LOADER)";
			};
			name = Release;
		};
/* End XCBuildConfiguration section */

/* Begin XCConfigurationList section */
		6CD679DB1950C06600530D0F /* Build configuration list for PBXProject "PopularFlickrPhotos" */ = {
			isa = XCConfigurationList;
			buildConfigurations = (
				6CD679FA1950C06700530D0F /* Debug */,
				6CD679FB1950C06700530D0F /* Release */,
			);
			defaultConfigurationIsVisible = 0;
			defaultConfigurationName = Release;
		};
		6CD679FC1950C06700530D0F /* Build configuration list for PBXNativeTarget "PopularFlickrPhotos" */ = {
			isa = XCConfigurationList;
			buildConfigurations = (
				6CD679FD1950C06700530D0F /* Debug */,
				6CD679FE1950C06700530D0F /* Release */,
			);
			defaultConfigurationIsVisible = 0;
			defaultConfigurationName = Release;
		};
		6CD679FF1950C06700530D0F /* Build configuration list for PBXNativeTarget "PopularFlickrPhotosTests" */ = {
			isa = XCConfigurationList;
			buildConfigurations = (
				6CD67A001950C06700530D0F /* Debug */,
				6CD67A011950C06700530D0F /* Release */,
			);
			defaultConfigurationIsVisible = 0;
			defaultConfigurationName = Release;
		};
/* End XCConfigurationList section */

/* Begin XCVersionGroup section */
		806912F51968DFE90028B03C /* PopularFlickrPhotos.xcdatamodeld */ = {
			isa = XCVersionGroup;
			children = (
				806912F61968DFE90028B03C /* PopularFlickrPhotos.xcdatamodel */,
			);
			currentVersion = 806912F61968DFE90028B03C /* PopularFlickrPhotos.xcdatamodel */;
			path = PopularFlickrPhotos.xcdatamodeld;
			sourceTree = SOURCE_ROOT;
			versionGroupType = wrapper.xcdatamodel;
		};
/* End XCVersionGroup section */
	};
	rootObject = 6CD679D81950C06600530D0F /* Project object */;
}
